
Microsoft Visual Studio Solution File, Format Version 12.00
# Visual Studio 14
VisualStudioVersion = 14.0.25420.1
MinimumVisualStudioVersion = 10.0.40219.1
Project("{FAE04EC0-301F-11D3-BF4B-00C04F79EFBC}") = "FishEyeLens", "FishEyeLens\FishEyeLens.csproj", "{D8BA039D-2A2E-4580-8890-7D925C873A7C}"
EndProject
Project("{FAE04EC0-301F-11D3-BF4B-00C04F79EFBC}") = "FishEyeLensImgCvt", "FishEyeLensImgCvt\FishEyeLensImgCvt.csproj", "{F1492B6D-E4FA-49A1-A296-A5C4768AAFF4}"
EndProject
Project("{8BC9CEB8-8B4A-11D0-8D11-00A0C91BC942}") = "FIshEyeLensMFC", "FIshEyeLensMFC\FIshEyeLensMFC.vcxproj", "{BA9730CE-A7B1-455F-9D89-B792BCD28293}"
EndProject
Global
	GlobalSection(SolutionConfigurationPlatforms) = preSolution
		Debug|Any CPU = Debug|Any CPU
		Debug|x64 = Debug|x64
		Debug|x86 = Debug|x86
		Release|Any CPU = Release|Any CPU
		Release|x64 = Release|x64
		Release|x86 = Release|x86
	EndGlobalSection
	GlobalSection(ProjectConfigurationPlatforms) = postSolution
		{D8BA039D-2A2E-4580-8890-7D925C873A7C}.Debug|Any CPU.ActiveCfg = Debug|Any CPU
		{D8BA039D-2A2E-4580-8890-7D925C873A7C}.Debug|Any CPU.Build.0 = Debug|Any CPU
		{D8BA039D-2A2E-4580-8890-7D925C873A7C}.Debug|x64.ActiveCfg = Debug|Any CPU
		{D8BA039D-2A2E-4580-8890-7D925C873A7C}.Debug|x64.Build.0 = Debug|Any CPU
		{D8BA039D-2A2E-4580-8890-7D925C873A7C}.Debug|x86.ActiveCfg = Debug|Any CPU
		{D8BA039D-2A2E-4580-8890-7D925C873A7C}.Debug|x86.Build.0 = Debug|Any CPU
		{D8BA039D-2A2E-4580-8890-7D925C873A7C}.Release|Any CPU.ActiveCfg = Release|Any CPU
		{D8BA039D-2A2E-4580-8890-7D925C873A7C}.Release|Any CPU.Build.0 = Release|Any CPU
		{D8BA039D-2A2E-4580-8890-7D925C873A7C}.Release|x64.ActiveCfg = Release|Any CPU
		{D8BA039D-2A2E-4580-8890-7D925C873A7C}.Release|x64.Build.0 = Release|Any CPU
		{D8BA039D-2A2E-4580-8890-7D925C873A7C}.Release|x86.ActiveCfg = Release|Any CPU
		{D8BA039D-2A2E-4580-8890-7D925C873A7C}.Release|x86.Build.0 = Release|Any CPU
		{F1492B6D-E4FA-49A1-A296-A5C4768AAFF4}.Debug|Any CPU.ActiveCfg = Debug|Any CPU
		{F1492B6D-E4FA-49A1-A296-A5C4768AAFF4}.Debug|Any CPU.Build.0 = Debug|Any CPU
		{F1492B6D-E4FA-49A1-A296-A5C4768AAFF4}.Debug|x64.ActiveCfg = Debug|Any CPU
		{F1492B6D-E4FA-49A1-A296-A5C4768AAFF4}.Debug|x64.Build.0 = Debug|Any CPU
		{F1492B6D-E4FA-49A1-A296-A5C4768AAFF4}.Debug|x86.ActiveCfg = Debug|Any CPU
		{F1492B6D-E4FA-49A1-A296-A5C4768AAFF4}.Debug|x86.Build.0 = Debug|Any CPU
		{F1492B6D-E4FA-49A1-A296-A5C4768AAFF4}.Release|Any CPU.ActiveCfg = Release|Any CPU
		{F1492B6D-E4FA-49A1-A296-A5C4768AAFF4}.Release|Any CPU.Build.0 = Release|Any CPU
		{F1492B6D-E4FA-49A1-A296-A5C4768AAFF4}.Release|x64.ActiveCfg = Release|Any CPU
		{F1492B6D-E4FA-49A1-A296-A5C4768AAFF4}.Release|x64.Build.0 = Release|Any CPU
		{F1492B6D-E4FA-49A1-A296-A5C4768AAFF4}.Release|x86.ActiveCfg = Release|Any CPU
		{F1492B6D-E4FA-49A1-A296-A5C4768AAFF4}.Release|x86.Build.0 = Release|Any CPU
		{BA9730CE-A7B1-455F-9D89-B792BCD28293}.Debug|Any CPU.ActiveCfg = Debug|x64
		{BA9730CE-A7B1-455F-9D89-B792BCD28293}.Debug|x64.ActiveCfg = Debug|x64
		{BA9730CE-A7B1-455F-9D89-B792BCD28293}.Debug|x64.Build.0 = Debug|x64
		{BA9730CE-A7B1-455F-9D89-B792BCD28293}.Debug|x86.ActiveCfg = Debug|x64
		{BA9730CE-A7B1-455F-9D89-B792BCD28293}.Release|Any CPU.ActiveCfg = Release|x64
		{BA9730CE-A7B1-455F-9D89-B792BCD28293}.Release|x64.ActiveCfg = Release|x64
		{BA9730CE-A7B1-455F-9D89-B792BCD28293}.Release|x64.Build.0 = Release|x64
		{BA9730CE-A7B1-455F-9D89-B792BCD28293}.Release|x86.ActiveCfg = Release|x64
	EndGlobalSection
	GlobalSection(SolutionProperties) = preSolution
		HideSolutionNode = FALSE
	EndGlobalSection
EndGlobal
